
Microsoft Visual Studio Solution File, Format Version 12.00
# Visual Studio 14
VisualStudioVersion = 14.0.25420.1
MinimumVisualStudioVersion = 10.0.40219.1
Project("{FAE04EC0-301F-11D3-BF4B-00C04F79EFBC}") = "Company.IDAL", "Company.IDAL\Company.IDAL.csproj", "{8A2A7612-C4D1-454B-A579-6E1F7FFCDFAF}"
EndProject
Project("{FAE04EC0-301F-11D3-BF4B-00C04F79EFBC}") = "Company.DAL", "Company.DAL\Company.DAL.csproj", "{FBB7A356-FB67-4513-9B62-5A518BEC9E1F}"
EndProject
Project("{FAE04EC0-301F-11D3-BF4B-00C04F79EFBC}") = "Company.IBLL", "Company.IBLL\Company.IBLL.csproj", "{5EDA3211-785A-408A-A645-86E7A4B8D8B2}"
EndProject
Project("{FAE04EC0-301F-11D3-BF4B-00C04F79EFBC}") = "Company.BLL", "Company.BLL\Company.BLL.csproj", "{4E569CAA-F6BA-4BDF-9368-EE35E66050CF}"
EndProject
Project("{2150E333-8FDC-42A3-9474-1A3956D46DE8}") = "BLL", "BLL", "{D8AE34C2-5EB0-48AB-9877-C928005CAD01}"
EndProject
Project("{2150E333-8FDC-42A3-9474-1A3956D46DE8}") = "DAL", "DAL", "{0211DD1D-675B-47AC-B70B-925D1F6E1036}"
EndProject
Project("{2150E333-8FDC-42A3-9474-1A3956D46DE8}") = "Model", "Model", "{88732C41-4DDA-4EA0-BC27-D2A57EC26CCC}"
EndProject
Project("{FAE04EC0-301F-11D3-BF4B-00C04F79EFBC}") = "Company.Model", "Company.Model\Company.Model.csproj", "{4EDBAE1B-3475-4106-B36A-7BCFF28D56F6}"
EndProject
Project("{2150E333-8FDC-42A3-9474-1A3956D46DE8}") = "UI", "UI", "{A0B2FF52-26FD-4602-B60C-557EFDF32465}"
EndProject
Project("{FAE04EC0-301F-11D3-BF4B-00C04F79EFBC}") = "Company.UI", "Company.UI\Company.UI.csproj", "{001113E8-AD8E-481F-8980-7F9F099A71A9}"
EndProject
Project("{FAE04EC0-301F-11D3-BF4B-00C04F79EFBC}") = "Company.BLLContainer", "Company.BLLContainer\Company.BLLContainer.csproj", "{E3A92804-5ECB-4CDC-AAB6-69EA0158D9F0}"
EndProject
Project("{FAE04EC0-301F-11D3-BF4B-00C04F79EFBC}") = "Company.DALContainer", "Company.DALContainer\Company.DALContainer.csproj", "{F7509D2B-28D4-402F-9897-9A7FA6611049}"
EndProject
Global
	GlobalSection(SolutionConfigurationPlatforms) = preSolution
		Debug|Any CPU = Debug|Any CPU
		Release|Any CPU = Release|Any CPU
	EndGlobalSection
	GlobalSection(ProjectConfigurationPlatforms) = postSolution
		{8A2A7612-C4D1-454B-A579-6E1F7FFCDFAF}.Debug|Any CPU.ActiveCfg = Debug|Any CPU
		{8A2A7612-C4D1-454B-A579-6E1F7FFCDFAF}.Debug|Any CPU.Build.0 = Debug|Any CPU
		{8A2A7612-C4D1-454B-A579-6E1F7FFCDFAF}.Release|Any CPU.ActiveCfg = Release|Any CPU
		{8A2A7612-C4D1-454B-A579-6E1F7FFCDFAF}.Release|Any CPU.Build.0 = Release|Any CPU
		{FBB7A356-FB67-4513-9B62-5A518BEC9E1F}.Debug|Any CPU.ActiveCfg = Debug|Any CPU
		{FBB7A356-FB67-4513-9B62-5A518BEC9E1F}.Debug|Any CPU.Build.0 = Debug|Any CPU
		{FBB7A356-FB67-4513-9B62-5A518BEC9E1F}.Release|Any CPU.ActiveCfg = Release|Any CPU
		{FBB7A356-FB67-4513-9B62-5A518BEC9E1F}.Release|Any CPU.Build.0 = Release|Any CPU
		{5EDA3211-785A-408A-A645-86E7A4B8D8B2}.Debug|Any CPU.ActiveCfg = Debug|Any CPU
		{5EDA3211-785A-408A-A645-86E7A4B8D8B2}.Debug|Any CPU.Build.0 = Debug|Any CPU
		{5EDA3211-785A-408A-A645-86E7A4B8D8B2}.Release|Any CPU.ActiveCfg = Release|Any CPU
		{5EDA3211-785A-408A-A645-86E7A4B8D8B2}.Release|Any CPU.Build.0 = Release|Any CPU
		{4E569CAA-F6BA-4BDF-9368-EE35E66050CF}.Debug|Any CPU.ActiveCfg = Debug|Any CPU
		{4E569CAA-F6BA-4BDF-9368-EE35E66050CF}.Debug|Any CPU.Build.0 = Debug|Any CPU
		{4E569CAA-F6BA-4BDF-9368-EE35E66050CF}.Release|Any CPU.ActiveCfg = Release|Any CPU
		{4E569CAA-F6BA-4BDF-9368-EE35E66050CF}.Release|Any CPU.Build.0 = Release|Any CPU
		{4EDBAE1B-3475-4106-B36A-7BCFF28D56F6}.Debug|Any CPU.ActiveCfg = Debug|Any CPU
		{4EDBAE1B-3475-4106-B36A-7BCFF28D56F6}.Debug|Any CPU.Build.0 = Debug|Any CPU
		{4EDBAE1B-3475-4106-B36A-7BCFF28D56F6}.Release|Any CPU.ActiveCfg = Release|Any CPU
		{4EDBAE1B-3475-4106-B36A-7BCFF28D56F6}.Release|Any CPU.Build.0 = Release|Any CPU
		{001113E8-AD8E-481F-8980-7F9F099A71A9}.Debug|Any CPU.ActiveCfg = Debug|Any CPU
		{001113E8-AD8E-481F-8980-7F9F099A71A9}.Debug|Any CPU.Build.0 = Debug|Any CPU
		{001113E8-AD8E-481F-8980-7F9F099A71A9}.Release|Any CPU.ActiveCfg = Release|Any CPU
		{001113E8-AD8E-481F-8980-7F9F099A71A9}.Release|Any CPU.Build.0 = Release|Any CPU
		{E3A92804-5ECB-4CDC-AAB6-69EA0158D9F0}.Debug|Any CPU.ActiveCfg = Debug|Any CPU
		{E3A92804-5ECB-4CDC-AAB6-69EA0158D9F0}.Debug|Any CPU.Build.0 = Debug|Any CPU
		{E3A92804-5ECB-4CDC-AAB6-69EA0158D9F0}.Release|Any CPU.ActiveCfg = Release|Any CPU
		{E3A92804-5ECB-4CDC-AAB6-69EA0158D9F0}.Release|Any CPU.Build.0 = Release|Any CPU
		{F7509D2B-28D4-402F-9897-9A7FA6611049}.Debug|Any CPU.ActiveCfg = Debug|Any CPU
		{F7509D2B-28D4-402F-9897-9A7FA6611049}.Debug|Any CPU.Build.0 = Debug|Any CPU
		{F7509D2B-28D4-402F-9897-9A7FA6611049}.Release|Any CPU.ActiveCfg = Release|Any CPU
		{F7509D2B-28D4-402F-9897-9A7FA6611049}.Release|Any CPU.Build.0 = Release|Any CPU
	EndGlobalSection
	GlobalSection(SolutionProperties) = preSolution
		HideSolutionNode = FALSE
	EndGlobalSection
	GlobalSection(NestedProjects) = preSolution
		{8A2A7612-C4D1-454B-A579-6E1F7FFCDFAF} = {0211DD1D-675B-47AC-B70B-925D1F6E1036}
		{FBB7A356-FB67-4513-9B62-5A518BEC9E1F} = {0211DD1D-675B-47AC-B70B-925D1F6E1036}
		{5EDA3211-785A-408A-A645-86E7A4B8D8B2} = {D8AE34C2-5EB0-48AB-9877-C928005CAD01}
		{4E569CAA-F6BA-4BDF-9368-EE35E66050CF} = {D8AE34C2-5EB0-48AB-9877-C928005CAD01}
		{4EDBAE1B-3475-4106-B36A-7BCFF28D56F6} = {88732C41-4DDA-4EA0-BC27-D2A57EC26CCC}
		{001113E8-AD8E-481F-8980-7F9F099A71A9} = {A0B2FF52-26FD-4602-B60C-557EFDF32465}
		{E3A92804-5ECB-4CDC-AAB6-69EA0158D9F0} = {D8AE34C2-5EB0-48AB-9877-C928005CAD01}
		{F7509D2B-28D4-402F-9897-9A7FA6611049} = {0211DD1D-675B-47AC-B70B-925D1F6E1036}
	EndGlobalSection
EndGlobal
